
Microsoft Visual Studio Solution File, Format Version 12.00
# Visual Studio Version 17
VisualStudioVersion = 17.3.32929.385
MinimumVisualStudioVersion = 10.0.40219.1
Project("{FAE04EC0-301F-11D3-BF4B-00C04F79EFBC}") = "Suma0Subconjunto2", "Suma0Subconjunto2.csproj", "{4555B5A6-E666-4D1E-82BD-F64497765E30}"
EndProject
Global
	GlobalSection(SolutionConfigurationPlatforms) = preSolution
		Debug|Any CPU = Debug|Any CPU
		Release|Any CPU = Release|Any CPU
	EndGlobalSection
	GlobalSection(ProjectConfigurationPlatforms) = postSolution
		{4555B5A6-E666-4D1E-82BD-F64497765E30}.Debug|Any CPU.ActiveCfg = Debug|Any CPU
		{4555B5A6-E666-4D1E-82BD-F64497765E30}.Debug|Any CPU.Build.0 = Debug|Any CPU
		{4555B5A6-E666-4D1E-82BD-F64497765E30}.Release|Any CPU.ActiveCfg = Release|Any CPU
		{4555B5A6-E666-4D1E-82BD-F64497765E30}.Release|Any CPU.Build.0 = Release|Any CPU
	EndGlobalSection
	GlobalSection(SolutionProperties) = preSolution
		HideSolutionNode = FALSE
	EndGlobalSection
	GlobalSection(ExtensibilityGlobals) = postSolution
		SolutionGuid = {01046FB4-1C76-46F6-8B01-BD229BA50225}
	EndGlobalSection
EndGlobal
